
Microsoft Visual Studio Solution File, Format Version 12.00
# Visual Studio 2013
VisualStudioVersion = 12.0.30723.0
MinimumVisualStudioVersion = 10.0.40219.1
Project("{FAE04EC0-301F-11D3-BF4B-00C04F79EFBC}") = "Liath.BigSpace", "Liath.BigSpace\Liath.BigSpace.csproj", "{09925A29-0703-4B51-8BB3-F50755217C27}"
EndProject
Project("{FAE04EC0-301F-11D3-BF4B-00C04F79EFBC}") = "Liath.BigSpace.UI.Web", "Liath.BigSpace.UI.Web\Liath.BigSpace.UI.Web.csproj", "{CC8A878E-24D7-4499-8479-CEF9594C9FDB}"
EndProject
Project("{FAE04EC0-301F-11D3-BF4B-00C04F79EFBC}") = "Liath.BigSpace.Domain", "Liath.BigSpace.Domain\Liath.BigSpace.Domain.csproj", "{D3A392F7-2C69-4A75-85C0-3D1D6000A320}"
EndProject
Project("{2150E333-8FDC-42A3-9474-1A3956D46DE8}") = "Tests", "Tests", "{042ADBF4-4ED4-45EA-AF7B-4132D7A0FEDC}"
EndProject
Project("{FAE04EC0-301F-11D3-BF4B-00C04F79EFBC}") = "Liath.BigSpace.DataAccess", "Liath.BigSpace.DataAccess\Liath.BigSpace.DataAccess.csproj", "{05554460-7FB3-4001-9201-731E903FD4DD}"
EndProject
Project("{FAE04EC0-301F-11D3-BF4B-00C04F79EFBC}") = "Liath.BigSpace.Session", "Liath.BigSpace.Session\Liath.BigSpace.Session.csproj", "{1FA6DCD6-1B0C-4ABA-A227-4EFEDE9BF1F4}"
EndProject
Global
	GlobalSection(SolutionConfigurationPlatforms) = preSolution
		Debug|Any CPU = Debug|Any CPU
		Release|Any CPU = Release|Any CPU
	EndGlobalSection
	GlobalSection(ProjectConfigurationPlatforms) = postSolution
		{09925A29-0703-4B51-8BB3-F50755217C27}.Debug|Any CPU.ActiveCfg = Debug|Any CPU
		{09925A29-0703-4B51-8BB3-F50755217C27}.Debug|Any CPU.Build.0 = Debug|Any CPU
		{09925A29-0703-4B51-8BB3-F50755217C27}.Release|Any CPU.ActiveCfg = Release|Any CPU
		{09925A29-0703-4B51-8BB3-F50755217C27}.Release|Any CPU.Build.0 = Release|Any CPU
		{CC8A878E-24D7-4499-8479-CEF9594C9FDB}.Debug|Any CPU.ActiveCfg = Debug|Any CPU
		{CC8A878E-24D7-4499-8479-CEF9594C9FDB}.Debug|Any CPU.Build.0 = Debug|Any CPU
		{CC8A878E-24D7-4499-8479-CEF9594C9FDB}.Release|Any CPU.ActiveCfg = Release|Any CPU
		{CC8A878E-24D7-4499-8479-CEF9594C9FDB}.Release|Any CPU.Build.0 = Release|Any CPU
		{D3A392F7-2C69-4A75-85C0-3D1D6000A320}.Debug|Any CPU.ActiveCfg = Debug|Any CPU
		{D3A392F7-2C69-4A75-85C0-3D1D6000A320}.Debug|Any CPU.Build.0 = Debug|Any CPU
		{D3A392F7-2C69-4A75-85C0-3D1D6000A320}.Release|Any CPU.ActiveCfg = Release|Any CPU
		{D3A392F7-2C69-4A75-85C0-3D1D6000A320}.Release|Any CPU.Build.0 = Release|Any CPU
		{05554460-7FB3-4001-9201-731E903FD4DD}.Debug|Any CPU.ActiveCfg = Debug|Any CPU
		{05554460-7FB3-4001-9201-731E903FD4DD}.Debug|Any CPU.Build.0 = Debug|Any CPU
		{05554460-7FB3-4001-9201-731E903FD4DD}.Release|Any CPU.ActiveCfg = Release|Any CPU
		{05554460-7FB3-4001-9201-731E903FD4DD}.Release|Any CPU.Build.0 = Release|Any CPU
		{1FA6DCD6-1B0C-4ABA-A227-4EFEDE9BF1F4}.Debug|Any CPU.ActiveCfg = Debug|Any CPU
		{1FA6DCD6-1B0C-4ABA-A227-4EFEDE9BF1F4}.Debug|Any CPU.Build.0 = Debug|Any CPU
		{1FA6DCD6-1B0C-4ABA-A227-4EFEDE9BF1F4}.Release|Any CPU.ActiveCfg = Release|Any CPU
		{1FA6DCD6-1B0C-4ABA-A227-4EFEDE9BF1F4}.Release|Any CPU.Build.0 = Release|Any CPU
	EndGlobalSection
	GlobalSection(SolutionProperties) = preSolution
		HideSolutionNode = FALSE
	EndGlobalSection
EndGlobal
