
Microsoft Visual Studio Solution File, Format Version 12.00
# Visual Studio 2013
VisualStudioVersion = 12.0.30723.0
MinimumVisualStudioVersion = 10.0.40219.1
Project("{FAE04EC0-301F-11D3-BF4B-00C04F79EFBC}") = "Liath.BigSpace", "Liath.BigSpace\Liath.BigSpace.csproj", "{09925A29-0703-4B51-8BB3-F50755217C27}"
EndProject
Project("{FAE04EC0-301F-11D3-BF4B-00C04F79EFBC}") = "Liath.BigSpace.UI.Web", "Liath.BigSpace.UI.Web\Liath.BigSpace.UI.Web.csproj", "{CC8A878E-24D7-4499-8479-CEF9594C9FDB}"
EndProject
Project("{FAE04EC0-301F-11D3-BF4B-00C04F79EFBC}") = "Liath.BigSpace.Domain", "Liath.BigSpace.Domain\Liath.BigSpace.Domain.csproj", "{D3A392F7-2C69-4A75-85C0-3D1D6000A320}"
EndProject
Project("{2150E333-8FDC-42A3-9474-1A3956D46DE8}") = "Tests", "Tests", "{042ADBF4-4ED4-45EA-AF7B-4132D7A0FEDC}"
EndProject
Project("{FAE04EC0-301F-11D3-BF4B-00C04F79EFBC}") = "Liath.BigSpace.DataAccess", "Liath.BigSpace.DataAccess\Liath.BigSpace.DataAccess.csproj", "{05554460-7FB3-4001-9201-731E903FD4DD}"
EndProject
Project("{FAE04EC0-301F-11D3-BF4B-00C04F79EFBC}") = "Liath.BigSpace.Session", "Liath.BigSpace.Session\Liath.BigSpace.Session.csproj", "{1FA6DCD6-1B0C-4ABA-A227-4EFEDE9BF1F4}"
EndProject
Project("{FAE04EC0-301F-11D3-BF4B-00C04F79EFBC}") = "Liath.BigSpace.Configuration", "Liath.BigSpace.Configuration\Liath.BigSpace.Configuration.csproj", "{CB0A1853-E483-4A56-AD95-C26AED4DFCB8}"
EndProject
Project("{2150E333-8FDC-42A3-9474-1A3956D46DE8}") = "Scripts", "Scripts", "{220ECF2C-6089-4FFA-9812-423FC5DC235B}"
	ProjectSection(SolutionItems) = preProject
		..\Scripts\Create.sql = ..\Scripts\Create.sql
		..\Scripts\Data.sql = ..\Scripts\Data.sql
	EndProjectSection
EndProject
Project("{FAE04EC0-301F-11D3-BF4B-00C04F79EFBC}") = "Liath.BigSpace.Tests", "Liath.BigSpace.Tests\Liath.BigSpace.Tests.csproj", "{D5F888D1-4E15-4C7C-A87A-484C753DEE44}"
EndProject
Project("{FAE04EC0-301F-11D3-BF4B-00C04F79EFBC}") = "Liath.BigSpace.Testing", "Liath.BigSpace.Testing\Liath.BigSpace.Testing.csproj", "{7F98EB4F-8A06-40D8-B430-A24D77E6B73E}"
EndProject
Project("{FAE04EC0-301F-11D3-BF4B-00C04F79EFBC}") = "Liath.BigSpace.Services.Console", "Liath.BigSpace.Services.Console\Liath.BigSpace.Services.Console.csproj", "{B8D17DE8-9CDD-4892-BE52-C14865842B18}"
EndProject
Project("{FAE04EC0-301F-11D3-BF4B-00C04F79EFBC}") = "Liath.BigSpace.DataAccess.Tests", "Liath.BigSpace.DataAccess.Tests\Liath.BigSpace.DataAccess.Tests.csproj", "{683EDB97-F59D-456F-B96E-D3D690D1ED35}"
EndProject
Global
	GlobalSection(SolutionConfigurationPlatforms) = preSolution
		Debug|Any CPU = Debug|Any CPU
		Release|Any CPU = Release|Any CPU
	EndGlobalSection
	GlobalSection(ProjectConfigurationPlatforms) = postSolution
		{09925A29-0703-4B51-8BB3-F50755217C27}.Debug|Any CPU.ActiveCfg = Debug|Any CPU
		{09925A29-0703-4B51-8BB3-F50755217C27}.Debug|Any CPU.Build.0 = Debug|Any CPU
		{09925A29-0703-4B51-8BB3-F50755217C27}.Release|Any CPU.ActiveCfg = Release|Any CPU
		{09925A29-0703-4B51-8BB3-F50755217C27}.Release|Any CPU.Build.0 = Release|Any CPU
		{CC8A878E-24D7-4499-8479-CEF9594C9FDB}.Debug|Any CPU.ActiveCfg = Debug|Any CPU
		{CC8A878E-24D7-4499-8479-CEF9594C9FDB}.Debug|Any CPU.Build.0 = Debug|Any CPU
		{CC8A878E-24D7-4499-8479-CEF9594C9FDB}.Release|Any CPU.ActiveCfg = Release|Any CPU
		{CC8A878E-24D7-4499-8479-CEF9594C9FDB}.Release|Any CPU.Build.0 = Release|Any CPU
		{D3A392F7-2C69-4A75-85C0-3D1D6000A320}.Debug|Any CPU.ActiveCfg = Debug|Any CPU
		{D3A392F7-2C69-4A75-85C0-3D1D6000A320}.Debug|Any CPU.Build.0 = Debug|Any CPU
		{D3A392F7-2C69-4A75-85C0-3D1D6000A320}.Release|Any CPU.ActiveCfg = Release|Any CPU
		{D3A392F7-2C69-4A75-85C0-3D1D6000A320}.Release|Any CPU.Build.0 = Release|Any CPU
		{05554460-7FB3-4001-9201-731E903FD4DD}.Debug|Any CPU.ActiveCfg = Debug|Any CPU
		{05554460-7FB3-4001-9201-731E903FD4DD}.Debug|Any CPU.Build.0 = Debug|Any CPU
		{05554460-7FB3-4001-9201-731E903FD4DD}.Release|Any CPU.ActiveCfg = Release|Any CPU
		{05554460-7FB3-4001-9201-731E903FD4DD}.Release|Any CPU.Build.0 = Release|Any CPU
		{1FA6DCD6-1B0C-4ABA-A227-4EFEDE9BF1F4}.Debug|Any CPU.ActiveCfg = Debug|Any CPU
		{1FA6DCD6-1B0C-4ABA-A227-4EFEDE9BF1F4}.Debug|Any CPU.Build.0 = Debug|Any CPU
		{1FA6DCD6-1B0C-4ABA-A227-4EFEDE9BF1F4}.Release|Any CPU.ActiveCfg = Release|Any CPU
		{1FA6DCD6-1B0C-4ABA-A227-4EFEDE9BF1F4}.Release|Any CPU.Build.0 = Release|Any CPU
		{CB0A1853-E483-4A56-AD95-C26AED4DFCB8}.Debug|Any CPU.ActiveCfg = Debug|Any CPU
		{CB0A1853-E483-4A56-AD95-C26AED4DFCB8}.Debug|Any CPU.Build.0 = Debug|Any CPU
		{CB0A1853-E483-4A56-AD95-C26AED4DFCB8}.Release|Any CPU.ActiveCfg = Release|Any CPU
		{CB0A1853-E483-4A56-AD95-C26AED4DFCB8}.Release|Any CPU.Build.0 = Release|Any CPU
		{D5F888D1-4E15-4C7C-A87A-484C753DEE44}.Debug|Any CPU.ActiveCfg = Debug|Any CPU
		{D5F888D1-4E15-4C7C-A87A-484C753DEE44}.Debug|Any CPU.Build.0 = Debug|Any CPU
		{D5F888D1-4E15-4C7C-A87A-484C753DEE44}.Release|Any CPU.ActiveCfg = Release|Any CPU
		{D5F888D1-4E15-4C7C-A87A-484C753DEE44}.Release|Any CPU.Build.0 = Release|Any CPU
		{7F98EB4F-8A06-40D8-B430-A24D77E6B73E}.Debug|Any CPU.ActiveCfg = Debug|Any CPU
		{7F98EB4F-8A06-40D8-B430-A24D77E6B73E}.Debug|Any CPU.Build.0 = Debug|Any CPU
		{7F98EB4F-8A06-40D8-B430-A24D77E6B73E}.Release|Any CPU.ActiveCfg = Release|Any CPU
		{7F98EB4F-8A06-40D8-B430-A24D77E6B73E}.Release|Any CPU.Build.0 = Release|Any CPU
		{B8D17DE8-9CDD-4892-BE52-C14865842B18}.Debug|Any CPU.ActiveCfg = Debug|Any CPU
		{B8D17DE8-9CDD-4892-BE52-C14865842B18}.Debug|Any CPU.Build.0 = Debug|Any CPU
		{B8D17DE8-9CDD-4892-BE52-C14865842B18}.Release|Any CPU.ActiveCfg = Release|Any CPU
		{B8D17DE8-9CDD-4892-BE52-C14865842B18}.Release|Any CPU.Build.0 = Release|Any CPU
		{683EDB97-F59D-456F-B96E-D3D690D1ED35}.Debug|Any CPU.ActiveCfg = Debug|Any CPU
		{683EDB97-F59D-456F-B96E-D3D690D1ED35}.Debug|Any CPU.Build.0 = Debug|Any CPU
		{683EDB97-F59D-456F-B96E-D3D690D1ED35}.Release|Any CPU.ActiveCfg = Release|Any CPU
		{683EDB97-F59D-456F-B96E-D3D690D1ED35}.Release|Any CPU.Build.0 = Release|Any CPU
	EndGlobalSection
	GlobalSection(SolutionProperties) = preSolution
		HideSolutionNode = FALSE
	EndGlobalSection
	GlobalSection(NestedProjects) = preSolution
		{D5F888D1-4E15-4C7C-A87A-484C753DEE44} = {042ADBF4-4ED4-45EA-AF7B-4132D7A0FEDC}
		{7F98EB4F-8A06-40D8-B430-A24D77E6B73E} = {042ADBF4-4ED4-45EA-AF7B-4132D7A0FEDC}
		{683EDB97-F59D-456F-B96E-D3D690D1ED35} = {042ADBF4-4ED4-45EA-AF7B-4132D7A0FEDC}
	EndGlobalSection
EndGlobal
